{
  "requires": true,
  "lockfileVersion": 1,
  "dependencies": {
    "electron": {
      "version": "1.6.11",
      "resolved": "https://registry.npmjs.org/electron/-/electron-1.6.11.tgz",
      "integrity": "sha1-vnnA69zv7bW/KBF0CYAPpTus7/o=",
      "dev": true
    },
    "jquery": {
      "version": "3.5.0",
      "resolved": "https://registry.npmjs.org/jquery/-/jquery-3.5.0.tgz",
      "integrity": "sha512-Xb7SVYMvygPxbFMpTFQiHh1J7HClEaThguL15N/Gg37Lri/qKyhRGZYzHRyLH8Stq3Aow0LsHO2O2ci86fCrNQ=="
    },
    "preact": {
      "version": "8.1.0",
      "resolved": "https://registry.npmjs.org/preact/-/preact-8.1.0.tgz",
      "integrity": "sha1-8DW4CO67dORtViRrAsoPGQttZXQ="
    }
  }
}
