{
  "requires": true,
  "lockfileVersion": 1,
  "dependencies": {
    "babel-core": {
      "version": "6.25.0",
      "resolved": "http://registry.npm.taobao.org/babel-core/download/babel-core-6.25.0.tgz",
      "integrity": "sha1-fdQrBGPHQunVKW3rPsZ6kyLa1yk=",
      "dev": true
    },
    "babel-loader": {
      "version": "7.1.1",
      "resolved": "http://registry.npm.taobao.org/babel-loader/download/babel-loader-7.1.1.tgz",
      "integrity": "sha1-uHE0yLEuPkwqlOBUYIW8aAorhIg=",
      "dev": true
    },
    "babel-plugin-transform-class-properties": {
      "version": "6.24.1",
      "resolved": "http://registry.npm.taobao.org/babel-plugin-transform-class-properties/download/babel-plugin-transform-class-properties-6.24.1.tgz",
      "integrity": "sha1-anl2PqYdM9NvN7YRqp3vgagbRqw=",
      "dev": true
    },
    "babel-plugin-transform-object-rest-spread": {
      "version": "6.23.0",
      "resolved": "http://registry.npm.taobao.org/babel-plugin-transform-object-rest-spread/download/babel-plugin-transform-object-rest-spread-6.23.0.tgz",
      "integrity": "sha1-h11ryb52HFiirj/u5dxIldjH+SE=",
      "dev": true
    },
    "babel-plugin-transform-react-jsx": {
      "version": "6.24.1",
      "resolved": "http://registry.npm.taobao.org/babel-plugin-transform-react-jsx/download/babel-plugin-transform-react-jsx-6.24.1.tgz",
      "integrity": "sha1-hAoCjn30YN/DotKfDA2R9jduZqM=",
      "dev": true
    },
    "babel-polyfill": {
      "version": "6.23.0",
      "resolved": "http://registry.npm.taobao.org/babel-polyfill/download/babel-polyfill-6.23.0.tgz",
      "integrity": "sha1-g2TKYt+Or7gwSZ9pkXdGbDsDSZ0="
    },
    "babel-preset-env": {
      "version": "1.5.2",
      "resolved": "http://registry.npm.taobao.org/babel-preset-env/download/babel-preset-env-1.5.2.tgz",
      "integrity": "sha1-zUrpCm6Utwn5c3SzPl+LmDVWre8=",
      "dev": true
    },
    "events": {
      "version": "1.1.1",
      "resolved": "http://registry.npm.taobao.org/events/download/events-1.1.1.tgz",
      "integrity": "sha1-nr23Y1rQmccNzEwqH1AEKI6L2SQ="
    },
    "jquery": {
      "version": "3.5.0",
      "resolved": "https://registry.npmjs.org/jquery/-/jquery-3.5.0.tgz",
      "integrity": "sha512-Xb7SVYMvygPxbFMpTFQiHh1J7HClEaThguL15N/Gg37Lri/qKyhRGZYzHRyLH8Stq3Aow0LsHO2O2ci86fCrNQ=="
    },
    "preact": {
      "version": "8.1.0",
      "resolved": "http://registry.npm.taobao.org/preact/download/preact-8.1.0.tgz",
      "integrity": "sha1-8DW4CO67dORtViRrAsoPGQttZXQ="
    },
    "webpack": {
      "version": "3.0.0",
      "resolved": "http://registry.npm.taobao.org/webpack/download/webpack-3.0.0.tgz",
      "integrity": "sha1-7pvOvyEkf3FTy0EBaMq0XjpZ1Nc=",
      "dev": true,
      "dependencies": {
        "supports-color": {
          "version": "3.2.3",
          "resolved": "http://registry.npm.taobao.org/supports-color/download/supports-color-3.2.3.tgz",
          "integrity": "sha1-ZawFBLOVQXHYpklGsq48u4pfVPY="
        }
      }
    }
  }
}
